
Microsoft Visual Studio Solution File, Format Version 12.00
# Visual Studio Express 2013 for Windows Desktop
VisualStudioVersion = 12.0.31101.0
MinimumVisualStudioVersion = 10.0.40219.1
Project("{FAE04EC0-301F-11D3-BF4B-00C04F79EFBC}") = "ChessQueens", "ChessQueens\ChessQueens.csproj", "{934FC4D5-2C7D-4C40-8FF0-8310F39C0188}"
EndProject
Project("{FAE04EC0-301F-11D3-BF4B-00C04F79EFBC}") = "CrossingSequences", "CrossingSequences\CrossingSequences.csproj", "{7A7E8C28-E381-4996-9BC5-C3B0F2E5CC4E}"
EndProject
Project("{FAE04EC0-301F-11D3-BF4B-00C04F79EFBC}") = "10.04.2014.Mor.NineDigitMagicNumbers", "10.04.2014.Mor.NineDigitMagicNumbers\10.04.2014.Mor.NineDigitMagicNumbers.csproj", "{6D38A0F3-082A-42E1-A923-1473D447C550}"
EndProject
Global
	GlobalSection(SolutionConfigurationPlatforms) = preSolution
		Debug|Any CPU = Debug|Any CPU
		Release|Any CPU = Release|Any CPU
	EndGlobalSection
	GlobalSection(ProjectConfigurationPlatforms) = postSolution
		{934FC4D5-2C7D-4C40-8FF0-8310F39C0188}.Debug|Any CPU.ActiveCfg = Debug|Any CPU
		{934FC4D5-2C7D-4C40-8FF0-8310F39C0188}.Debug|Any CPU.Build.0 = Debug|Any CPU
		{934FC4D5-2C7D-4C40-8FF0-8310F39C0188}.Release|Any CPU.ActiveCfg = Release|Any CPU
		{934FC4D5-2C7D-4C40-8FF0-8310F39C0188}.Release|Any CPU.Build.0 = Release|Any CPU
		{7A7E8C28-E381-4996-9BC5-C3B0F2E5CC4E}.Debug|Any CPU.ActiveCfg = Debug|Any CPU
		{7A7E8C28-E381-4996-9BC5-C3B0F2E5CC4E}.Debug|Any CPU.Build.0 = Debug|Any CPU
		{7A7E8C28-E381-4996-9BC5-C3B0F2E5CC4E}.Release|Any CPU.ActiveCfg = Release|Any CPU
		{7A7E8C28-E381-4996-9BC5-C3B0F2E5CC4E}.Release|Any CPU.Build.0 = Release|Any CPU
		{6D38A0F3-082A-42E1-A923-1473D447C550}.Debug|Any CPU.ActiveCfg = Debug|Any CPU
		{6D38A0F3-082A-42E1-A923-1473D447C550}.Debug|Any CPU.Build.0 = Debug|Any CPU
		{6D38A0F3-082A-42E1-A923-1473D447C550}.Release|Any CPU.ActiveCfg = Release|Any CPU
		{6D38A0F3-082A-42E1-A923-1473D447C550}.Release|Any CPU.Build.0 = Release|Any CPU
	EndGlobalSection
	GlobalSection(SolutionProperties) = preSolution
		HideSolutionNode = FALSE
	EndGlobalSection
EndGlobal
