
Microsoft Visual Studio Solution File, Format Version 12.00
# Visual Studio Express 2013 for Windows Desktop
VisualStudioVersion = 12.0.31101.0
MinimumVisualStudioVersion = 10.0.40219.1
Project("{FAE04EC0-301F-11D3-BF4B-00C04F79EFBC}") = "01.FibonacciNumbers", "01.FibonacciNumbers\01.FibonacciNumbers.csproj", "{8B767197-4766-46CF-8901-0E0C698BCB4B}"
EndProject
Project("{FAE04EC0-301F-11D3-BF4B-00C04F79EFBC}") = "02.PrimeChecker", "02.PrimeChecker\02.PrimeChecker.csproj", "{A3AA4E23-B60F-4B31-8AAE-A9FB22E7DE2E}"
EndProject
Project("{FAE04EC0-301F-11D3-BF4B-00C04F79EFBC}") = "03.PrimesInGivenRange", "03.PrimesInGivenRange\03.PrimesInGivenRange.csproj", "{01068FB8-26BD-47A4-B2CE-FE1A26726755}"
EndProject
Project("{FAE04EC0-301F-11D3-BF4B-00C04F79EFBC}") = "04.DifferenceBetweenDates", "04.DifferenceBetweenDates\04.DifferenceBetweenDates.csproj", "{700B091B-8B15-4283-BFA7-053211979140}"
EndProject
Project("{FAE04EC0-301F-11D3-BF4B-00C04F79EFBC}") = "05.PointClass", "05.PointClass\05.PointClass.csproj", "{EDEDA072-1957-441E-8260-CE59954C382B}"
EndProject
Global
	GlobalSection(SolutionConfigurationPlatforms) = preSolution
		Debug|Any CPU = Debug|Any CPU
		Release|Any CPU = Release|Any CPU
	EndGlobalSection
	GlobalSection(ProjectConfigurationPlatforms) = postSolution
		{8B767197-4766-46CF-8901-0E0C698BCB4B}.Debug|Any CPU.ActiveCfg = Debug|Any CPU
		{8B767197-4766-46CF-8901-0E0C698BCB4B}.Debug|Any CPU.Build.0 = Debug|Any CPU
		{8B767197-4766-46CF-8901-0E0C698BCB4B}.Release|Any CPU.ActiveCfg = Release|Any CPU
		{8B767197-4766-46CF-8901-0E0C698BCB4B}.Release|Any CPU.Build.0 = Release|Any CPU
		{A3AA4E23-B60F-4B31-8AAE-A9FB22E7DE2E}.Debug|Any CPU.ActiveCfg = Debug|Any CPU
		{A3AA4E23-B60F-4B31-8AAE-A9FB22E7DE2E}.Debug|Any CPU.Build.0 = Debug|Any CPU
		{A3AA4E23-B60F-4B31-8AAE-A9FB22E7DE2E}.Release|Any CPU.ActiveCfg = Release|Any CPU
		{A3AA4E23-B60F-4B31-8AAE-A9FB22E7DE2E}.Release|Any CPU.Build.0 = Release|Any CPU
		{01068FB8-26BD-47A4-B2CE-FE1A26726755}.Debug|Any CPU.ActiveCfg = Debug|Any CPU
		{01068FB8-26BD-47A4-B2CE-FE1A26726755}.Debug|Any CPU.Build.0 = Debug|Any CPU
		{01068FB8-26BD-47A4-B2CE-FE1A26726755}.Release|Any CPU.ActiveCfg = Release|Any CPU
		{01068FB8-26BD-47A4-B2CE-FE1A26726755}.Release|Any CPU.Build.0 = Release|Any CPU
		{700B091B-8B15-4283-BFA7-053211979140}.Debug|Any CPU.ActiveCfg = Debug|Any CPU
		{700B091B-8B15-4283-BFA7-053211979140}.Debug|Any CPU.Build.0 = Debug|Any CPU
		{700B091B-8B15-4283-BFA7-053211979140}.Release|Any CPU.ActiveCfg = Release|Any CPU
		{700B091B-8B15-4283-BFA7-053211979140}.Release|Any CPU.Build.0 = Release|Any CPU
		{EDEDA072-1957-441E-8260-CE59954C382B}.Debug|Any CPU.ActiveCfg = Debug|Any CPU
		{EDEDA072-1957-441E-8260-CE59954C382B}.Debug|Any CPU.Build.0 = Debug|Any CPU
		{EDEDA072-1957-441E-8260-CE59954C382B}.Release|Any CPU.ActiveCfg = Release|Any CPU
		{EDEDA072-1957-441E-8260-CE59954C382B}.Release|Any CPU.Build.0 = Release|Any CPU
	EndGlobalSection
	GlobalSection(SolutionProperties) = preSolution
		HideSolutionNode = FALSE
	EndGlobalSection
EndGlobal
