
Microsoft Visual Studio Solution File, Format Version 12.00
# Visual Studio 2013
VisualStudioVersion = 12.0.31101.0
MinimumVisualStudioVersion = 10.0.40219.1
Project("{FAE04EC0-301F-11D3-BF4B-00C04F79EFBC}") = "01.MethodsExample", "01.MethodsExample\01.MethodsExample.csproj", "{152A9160-7B7B-4248-A341-E85C07E81BA9}"
EndProject
Project("{FAE04EC0-301F-11D3-BF4B-00C04F79EFBC}") = "02.MethodsWithParameters", "02.MethodsWithParameters\02.MethodsWithParameters.csproj", "{80EC2A98-3FA2-4A51-99AA-1983608900F5}"
EndProject
Project("{FAE04EC0-301F-11D3-BF4B-00C04F79EFBC}") = "03.Using-DotNet-Classes", "03.Using-DotNet-Classes\03.Using-DotNet-Classes.csproj", "{0425AE33-3B53-4039-B071-BE0EA29DE226}"
EndProject
Project("{FAE04EC0-301F-11D3-BF4B-00C04F79EFBC}") = "04.DefiningSimpleClasses", "04.DefiningSimpleClasses\04.DefiningSimpleClasses.csproj", "{6CD25EE7-B440-47B9-8CF2-F68B169D3CA4}"
EndProject
Project("{FAE04EC0-301F-11D3-BF4B-00C04F79EFBC}") = "05.DefiningAndUsingClasses", "05.DefiningAndUsingClasses\05.DefiningAndUsingClasses.csproj", "{417746EE-CEBA-4A46-8A18-AA41BF72024C}"
EndProject
Global
	GlobalSection(SolutionConfigurationPlatforms) = preSolution
		Debug|Any CPU = Debug|Any CPU
		Release|Any CPU = Release|Any CPU
	EndGlobalSection
	GlobalSection(ProjectConfigurationPlatforms) = postSolution
		{152A9160-7B7B-4248-A341-E85C07E81BA9}.Debug|Any CPU.ActiveCfg = Debug|Any CPU
		{152A9160-7B7B-4248-A341-E85C07E81BA9}.Debug|Any CPU.Build.0 = Debug|Any CPU
		{152A9160-7B7B-4248-A341-E85C07E81BA9}.Release|Any CPU.ActiveCfg = Release|Any CPU
		{152A9160-7B7B-4248-A341-E85C07E81BA9}.Release|Any CPU.Build.0 = Release|Any CPU
		{80EC2A98-3FA2-4A51-99AA-1983608900F5}.Debug|Any CPU.ActiveCfg = Debug|Any CPU
		{80EC2A98-3FA2-4A51-99AA-1983608900F5}.Debug|Any CPU.Build.0 = Debug|Any CPU
		{80EC2A98-3FA2-4A51-99AA-1983608900F5}.Release|Any CPU.ActiveCfg = Release|Any CPU
		{80EC2A98-3FA2-4A51-99AA-1983608900F5}.Release|Any CPU.Build.0 = Release|Any CPU
		{0425AE33-3B53-4039-B071-BE0EA29DE226}.Debug|Any CPU.ActiveCfg = Debug|Any CPU
		{0425AE33-3B53-4039-B071-BE0EA29DE226}.Debug|Any CPU.Build.0 = Debug|Any CPU
		{0425AE33-3B53-4039-B071-BE0EA29DE226}.Release|Any CPU.ActiveCfg = Release|Any CPU
		{0425AE33-3B53-4039-B071-BE0EA29DE226}.Release|Any CPU.Build.0 = Release|Any CPU
		{6CD25EE7-B440-47B9-8CF2-F68B169D3CA4}.Debug|Any CPU.ActiveCfg = Debug|Any CPU
		{6CD25EE7-B440-47B9-8CF2-F68B169D3CA4}.Debug|Any CPU.Build.0 = Debug|Any CPU
		{6CD25EE7-B440-47B9-8CF2-F68B169D3CA4}.Release|Any CPU.ActiveCfg = Release|Any CPU
		{6CD25EE7-B440-47B9-8CF2-F68B169D3CA4}.Release|Any CPU.Build.0 = Release|Any CPU
		{417746EE-CEBA-4A46-8A18-AA41BF72024C}.Debug|Any CPU.ActiveCfg = Debug|Any CPU
		{417746EE-CEBA-4A46-8A18-AA41BF72024C}.Debug|Any CPU.Build.0 = Debug|Any CPU
		{417746EE-CEBA-4A46-8A18-AA41BF72024C}.Release|Any CPU.ActiveCfg = Release|Any CPU
		{417746EE-CEBA-4A46-8A18-AA41BF72024C}.Release|Any CPU.Build.0 = Release|Any CPU
	EndGlobalSection
	GlobalSection(SolutionProperties) = preSolution
		HideSolutionNode = FALSE
	EndGlobalSection
EndGlobal
